
Microsoft Visual Studio Solution File, Format Version 11.00
# Visual Studio 2010
Project("{FAE04EC0-301F-11D3-BF4B-00C04F79EFBC}") = "sgffu", "Assembly-CSharp-firstpass.csproj", "{78752FF9-E864-1F4F-7113-78D31181EB2C}"
EndProject
Project("{FAE04EC0-301F-11D3-BF4B-00C04F79EFBC}") = "sgffu", "Assembly-CSharp.csproj", "{153437ED-4340-2DFA-348A-07A791E107E8}"
EndProject
Global
	GlobalSection(SolutionConfigurationPlatforms) = preSolution
		Debug|Any CPU = Debug|Any CPU
		Release|Any CPU = Release|Any CPU
	EndGlobalSection
	GlobalSection(ProjectConfigurationPlatforms) = postSolution
		{78752FF9-E864-1F4F-7113-78D31181EB2C}.Debug|Any CPU.ActiveCfg = Debug|Any CPU
		{78752FF9-E864-1F4F-7113-78D31181EB2C}.Debug|Any CPU.Build.0 = Debug|Any CPU
		{78752FF9-E864-1F4F-7113-78D31181EB2C}.Release|Any CPU.ActiveCfg = Release|Any CPU
		{78752FF9-E864-1F4F-7113-78D31181EB2C}.Release|Any CPU.Build.0 = Release|Any CPU
		{153437ED-4340-2DFA-348A-07A791E107E8}.Debug|Any CPU.ActiveCfg = Debug|Any CPU
		{153437ED-4340-2DFA-348A-07A791E107E8}.Debug|Any CPU.Build.0 = Debug|Any CPU
		{153437ED-4340-2DFA-348A-07A791E107E8}.Release|Any CPU.ActiveCfg = Release|Any CPU
		{153437ED-4340-2DFA-348A-07A791E107E8}.Release|Any CPU.Build.0 = Release|Any CPU
	EndGlobalSection
	GlobalSection(SolutionProperties) = preSolution
		HideSolutionNode = FALSE
	EndGlobalSection
	GlobalSection(MonoDevelopProperties) = preSolution
		StartupItem = Assembly-CSharp.csproj
	EndGlobalSection
EndGlobal
